{
  "originHash" : "97ad1882e7bd1e145a6ebac7c0c7051986df91570aa4bf99cb5fb0e391c30d94",
  "pins" : [
    {
      "identity" : "bigint",
      "kind" : "remoteSourceControl",
      "location" : "https://github.com/attaswift/BigInt.git",
      "state" : {
        "revision" : "0ed110f7555c34ff468e72e1686e59721f2b0da6",
        "version" : "5.3.0"
      }
    },
    {
      "identity" : "cryptoswift",
      "kind" : "remoteSourceControl",
      "location" : "https://github.com/krzyzanowskim/CryptoSwift.git",
      "state" : {
        "revision" : "039f56c5d7960f277087a0be51f5eb04ed0ec073",
        "version" : "1.5.1"
      }
    },
    {
      "identity" : "objectivepgp",
      "kind" : "remoteSourceControl",
      "location" : "https://github.com/krzyzanowskim/ObjectivePGP.git",
      "state" : {
        "revision" : "5629d849ec6c8f8ec733dffa9949c507468ec0b4",
        "version" : "0.99.4"
      }
    },
    {
      "identity" : "push-swift-sdk",
      "kind" : "remoteSourceControl",
      "location" : "https://github.com/push-protocol/push-swift-sdk",
      "state" : {
        "branch" : "push-stream",
        "revision" : "d6bee23c494c8bf60c5a50f6bd50a85abf58b427"
      }
    },
    {
      "identity" : "socket.io-client-swift",
      "kind" : "remoteSourceControl",
      "location" : "https://github.com/socketio/socket.io-client-swift.git",
      "state" : {
        "revision" : "175da8b5156f6b132436f0676cc84c2f6a766b6e",
        "version" : "16.1.0"
      }
    },
    {
      "identity" : "starscream",
      "kind" : "remoteSourceControl",
      "location" : "https://github.com/daltoniam/Starscream",
      "state" : {
        "revision" : "ac6c0fc9da221873e01bd1a0d4818498a71eef33",
        "version" : "4.0.6"
      }
    },
    {
      "identity" : "web3swift",
      "kind" : "remoteSourceControl",
      "location" : "https://github.com/web3swift-team/web3swift",
      "state" : {
        "revision" : "60a56e3b9c4cd0568d84acde27af2f25d2a8ff4d",
        "version" : "3.2.1"
      }
    }
  ],
  "version" : 3
}
